Microsoft Visual Studio Solution File, Format Version 12.00
# Visual Studio Version 17
VisualStudioVersion = 17.5.2.0
MinimumVisualStudioVersion = 10.0.40219.1
Project("{FAE04EC0-301F-11D3-BF4B-00C04F79EFBC}") = "BankDecisionApi", "BankDecisionApi.csproj", "{46C862DE-0342-17E6-D15F-345237500252}"
EndProject
Global
	GlobalSection(SolutionConfigurationPlatforms) = preSolution
		Debug|Any CPU = Debug|Any CPU
		Release|Any CPU = Release|Any CPU
	EndGlobalSection
	GlobalSection(ProjectConfigurationPlatforms) = postSolution
		{46C862DE-0342-17E6-D15F-345237500252}.Debug|Any CPU.ActiveCfg = Debug|Any CPU
		{46C862DE-0342-17E6-D15F-345237500252}.Debug|Any CPU.Build.0 = Debug|Any CPU
		{46C862DE-0342-17E6-D15F-345237500252}.Release|Any CPU.ActiveCfg = Release|Any CPU
		{46C862DE-0342-17E6-D15F-345237500252}.Release|Any CPU.Build.0 = Release|Any CPU
	EndGlobalSection
	GlobalSection(SolutionProperties) = preSolution
		HideSolutionNode = FALSE
	EndGlobalSection
	GlobalSection(ExtensibilityGlobals) = postSolution
		SolutionGuid = {E5B4A7CE-5F69-4CE0-9049-E1970D18BA63}
	EndGlobalSection
EndGlobal
